Microsoft Visual Studio Solution File, Format Version 12.00
# Visual Studio Version 17
VisualStudioVersion = 17.9.34414.90
MinimumVisualStudioVersion = 10.0.40219.1
Project("{9A19103F-16F7-4668-BE54-9A1E7A4F7556}") = "AliceAspire.AppHost", "AliceAspire.AppHost\AliceAspire.AppHost.csproj", "{FDD71F5D-8E37-4578-B105-62D020D53A9B}"
EndProject
Project("{9A19103F-16F7-4668-BE54-9A1E7A4F7556}") = "AliceAspire.ServiceDefaults", "AliceAspire.ServiceDefaults\AliceAspire.ServiceDefaults.csproj", "{E340B457-003D-4185-ABC7-B6D930A020B9}"
EndProject
Project("{9A19103F-16F7-4668-BE54-9A1E7A4F7556}") = "AliceAspire.ApiService", "AliceAspire.ApiService\AliceAspire.ApiService.csproj", "{3B47F377-78F8-44B4-BBAD-B0836416103B}"
EndProject
Project("{9A19103F-16F7-4668-BE54-9A1E7A4F7556}") = "AliceAspire.Web", "AliceAspire.Web\AliceAspire.Web.csproj", "{89E090B7-950B-4896-A484-F9049A028099}"
EndProject
Project("{9A19103F-16F7-4668-BE54-9A1E7A4F7556}") = "EventBusRabbitMq", "EventBusRabbitMQ\EventBusRabbitMq.csproj", "{A357F9AE-04EB-447C-A335-D776A3C8E3E2}"
EndProject
Project("{9A19103F-16F7-4668-BE54-9A1E7A4F7556}") = "EventBus", "EventBus\EventBus.csproj", "{0C8ECE7F-6C59-49F3-AB1A-6C484747ACBD}"
EndProject
Project("{2150E333-8FDC-42A3-9474-1A3956D46DE8}") = "src", "src", "{E147F58F-5E81-47C1-B7E1-3A59E4D1E4B6}"
EndProject
Project("{2150E333-8FDC-42A3-9474-1A3956D46DE8}") = "Infrastructure", "Infrastructure", "{EE7675D2-C030-498C-932B-758BE7352597}"
EndProject
Project("{2150E333-8FDC-42A3-9474-1A3956D46DE8}") = "APIs", "APIs", "{8B16E63D-767A-4ACD-82FA-AC082C584A16}"
EndProject
Project("{2150E333-8FDC-42A3-9474-1A3956D46DE8}") = "Front", "Front", "{201D5325-207C-4B2B-B535-EBDE78C8665C}"
EndProject
Project("{2150E333-8FDC-42A3-9474-1A3956D46DE8}") = "Back", "Back", "{55CAED96-4EFA-471D-A195-07FC15C6FB83}"
EndProject
Global
	GlobalSection(SolutionConfigurationPlatforms) = preSolution
		Debug|Any CPU = Debug|Any CPU
		Release|Any CPU = Release|Any CPU
	EndGlobalSection
	GlobalSection(ProjectConfigurationPlatforms) = postSolution
		{FDD71F5D-8E37-4578-B105-62D020D53A9B}.Debug|Any CPU.ActiveCfg = Debug|Any CPU
		{FDD71F5D-8E37-4578-B105-62D020D53A9B}.Debug|Any CPU.Build.0 = Debug|Any CPU
		{FDD71F5D-8E37-4578-B105-62D020D53A9B}.Release|Any CPU.ActiveCfg = Release|Any CPU
		{FDD71F5D-8E37-4578-B105-62D020D53A9B}.Release|Any CPU.Build.0 = Release|Any CPU
		{E340B457-003D-4185-ABC7-B6D930A020B9}.Debug|Any CPU.ActiveCfg = Debug|Any CPU
		{E340B457-003D-4185-ABC7-B6D930A020B9}.Debug|Any CPU.Build.0 = Debug|Any CPU
		{E340B457-003D-4185-ABC7-B6D930A020B9}.Release|Any CPU.ActiveCfg = Release|Any CPU
		{E340B457-003D-4185-ABC7-B6D930A020B9}.Release|Any CPU.Build.0 = Release|Any CPU
		{3B47F377-78F8-44B4-BBAD-B0836416103B}.Debug|Any CPU.ActiveCfg = Debug|Any CPU
		{3B47F377-78F8-44B4-BBAD-B0836416103B}.Debug|Any CPU.Build.0 = Debug|Any CPU
		{3B47F377-78F8-44B4-BBAD-B0836416103B}.Release|Any CPU.ActiveCfg = Release|Any CPU
		{3B47F377-78F8-44B4-BBAD-B0836416103B}.Release|Any CPU.Build.0 = Release|Any CPU
		{89E090B7-950B-4896-A484-F9049A028099}.Debug|Any CPU.ActiveCfg = Debug|Any CPU
		{89E090B7-950B-4896-A484-F9049A028099}.Debug|Any CPU.Build.0 = Debug|Any CPU
		{89E090B7-950B-4896-A484-F9049A028099}.Release|Any CPU.ActiveCfg = Release|Any CPU
		{89E090B7-950B-4896-A484-F9049A028099}.Release|Any CPU.Build.0 = Release|Any CPU
		{A357F9AE-04EB-447C-A335-D776A3C8E3E2}.Debug|Any CPU.ActiveCfg = Debug|Any CPU
		{A357F9AE-04EB-447C-A335-D776A3C8E3E2}.Debug|Any CPU.Build.0 = Debug|Any CPU
		{A357F9AE-04EB-447C-A335-D776A3C8E3E2}.Release|Any CPU.ActiveCfg = Release|Any CPU
		{A357F9AE-04EB-447C-A335-D776A3C8E3E2}.Release|Any CPU.Build.0 = Release|Any CPU
		{0C8ECE7F-6C59-49F3-AB1A-6C484747ACBD}.Debug|Any CPU.ActiveCfg = Debug|Any CPU
		{0C8ECE7F-6C59-49F3-AB1A-6C484747ACBD}.Debug|Any CPU.Build.0 = Debug|Any CPU
		{0C8ECE7F-6C59-49F3-AB1A-6C484747ACBD}.Release|Any CPU.ActiveCfg = Release|Any CPU
		{0C8ECE7F-6C59-49F3-AB1A-6C484747ACBD}.Release|Any CPU.Build.0 = Release|Any CPU
	EndGlobalSection
	GlobalSection(SolutionProperties) = preSolution
		HideSolutionNode = FALSE
	EndGlobalSection
	GlobalSection(NestedProjects) = preSolution
		{FDD71F5D-8E37-4578-B105-62D020D53A9B} = {E147F58F-5E81-47C1-B7E1-3A59E4D1E4B6}
		{E340B457-003D-4185-ABC7-B6D930A020B9} = {E147F58F-5E81-47C1-B7E1-3A59E4D1E4B6}
		{3B47F377-78F8-44B4-BBAD-B0836416103B} = {8B16E63D-767A-4ACD-82FA-AC082C584A16}
		{89E090B7-950B-4896-A484-F9049A028099} = {201D5325-207C-4B2B-B535-EBDE78C8665C}
		{A357F9AE-04EB-447C-A335-D776A3C8E3E2} = {EE7675D2-C030-498C-932B-758BE7352597}
		{0C8ECE7F-6C59-49F3-AB1A-6C484747ACBD} = {EE7675D2-C030-498C-932B-758BE7352597}
		{EE7675D2-C030-498C-932B-758BE7352597} = {E147F58F-5E81-47C1-B7E1-3A59E4D1E4B6}
		{8B16E63D-767A-4ACD-82FA-AC082C584A16} = {E147F58F-5E81-47C1-B7E1-3A59E4D1E4B6}
		{201D5325-207C-4B2B-B535-EBDE78C8665C} = {E147F58F-5E81-47C1-B7E1-3A59E4D1E4B6}
		{55CAED96-4EFA-471D-A195-07FC15C6FB83} = {E147F58F-5E81-47C1-B7E1-3A59E4D1E4B6}
	EndGlobalSection
	GlobalSection(ExtensibilityGlobals) = postSolution
		SolutionGuid = {BAF20F86-F44A-43CD-A2DE-6CFCC763E3D7}
	EndGlobalSection
EndGlobal
